// !$*UTF8*$!
{
	archiveVersion = 1;
	classes = {
	};
	objectVersion = 56;
	objects = {

/* Begin PBXBuildFile section */
		F41E17EC2939057400832F87 /* AppDelegate.swift in Sources */ = {isa = PBXBuildFile; fileRef = F41E17EB2939057400832F87 /* AppDelegate.swift */; };
		F41E17EE2939057400832F87 /* SceneDelegate.swift in Sources */ = {isa = PBXBuildFile; fileRef = F41E17ED2939057400832F87 /* SceneDelegate.swift */; };
		F41E17F02939057400832F87 /* SpeakerViewController.swift in Sources */ = {isa = PBXBuildFile; fileRef = F41E17EF2939057400832F87 /* SpeakerViewController.swift */; };
		F41E17F32939057400832F87 /* Main.storyboard in Resources */ = {isa = PBXBuildFile; fileRef = F41E17F12939057400832F87 /* Main.storyboard */; };
		F41E17F52939057700832F87 /* Assets.xcassets in Resources */ = {isa = PBXBuildFile; fileRef = F41E17F42939057700832F87 /* Assets.xcassets */; };
		F41E17F82939057700832F87 /* LaunchScreen.storyboard in Resources */ = {isa = PBXBuildFile; fileRef = F41E17F62939057700832F87 /* LaunchScreen.storyboard */; };
		F41E1800293905E500832F87 /* QuotesViewController.swift in Sources */ = {isa = PBXBuildFile; fileRef = F41E17FF293905E500832F87 /* QuotesViewController.swift */; };
		F41E18022939060300832F87 /* QuotesViewModel.swift in Sources */ = {isa = PBXBuildFile; fileRef = F41E18012939060300832F87 /* QuotesViewModel.swift */; };
		F41E18042939062300832F87 /* SpeakerViewModel.swift in Sources */ = {isa = PBXBuildFile; fileRef = F41E18032939062300832F87 /* SpeakerViewModel.swift */; };
		F41E18072939065700832F87 /* SpeakerModel.swift in Sources */ = {isa = PBXBuildFile; fileRef = F41E18062939065700832F87 /* SpeakerModel.swift */; };
		F490E37B29399C2600D07792 /* SpeakerDataManager.swift in Sources */ = {isa = PBXBuildFile; fileRef = F490E37A29399C2500D07792 /* SpeakerDataManager.swift */; };
/* End PBXBuildFile section */

/* Begin PBXFileReference section */
		F41E17E82939057400832F87 /* Quotes.app */ = {isa = PBXFileReference; explicitFileType = wrapper.application; includeInIndex = 0; path = Quotes.app; sourceTree = BUILT_PRODUCTS_DIR; };
		F41E17EB2939057400832F87 /* AppDelegate.swift */ = {isa = PBXFileReference; lastKnownFileType = sourcecode.swift; path = AppDelegate.swift; sourceTree = "<group>"; };
		F41E17ED2939057400832F87 /* SceneDelegate.swift */ = {isa = PBXFileReference; lastKnownFileType = sourcecode.swift; path = SceneDelegate.swift; sourceTree = "<group>"; };
		F41E17EF2939057400832F87 /* SpeakerViewController.swift */ = {isa = PBXFileReference; lastKnownFileType = sourcecode.swift; path = SpeakerViewController.swift; sourceTree = "<group>"; };
		F41E17F22939057400832F87 /* Base */ = {isa = PBXFileReference; lastKnownFileType = file.storyboard; name = Base; path = Base.lproj/Main.storyboard; sourceTree = "<group>"; };
		F41E17F42939057700832F87 /* Assets.xcassets */ = {isa = PBXFileReference; lastKnownFileType = folder.assetcatalog; path = Assets.xcassets; sourceTree = "<group>"; };
		F41E17F72939057700832F87 /* Base */ = {isa = PBXFileReference; lastKnownFileType = file.storyboard; name = Base; path = Base.lproj/LaunchScreen.storyboard; sourceTree = "<group>"; };
		F41E17F92939057700832F87 /* Info.plist */ = {isa = PBXFileReference; lastKnownFileType = text.plist.xml; path = Info.plist; sourceTree = "<group>"; };
		F41E17FF293905E500832F87 /* QuotesViewController.swift */ = {isa = PBXFileReference; lastKnownFileType = sourcecode.swift; path = QuotesViewController.swift; sourceTree = "<group>"; };
		F41E18012939060300832F87 /* QuotesViewModel.swift */ = {isa = PBXFileReference; lastKnownFileType = sourcecode.swift; path = QuotesViewModel.swift; sourceTree = "<group>"; };
		F41E18032939062300832F87 /* SpeakerViewModel.swift */ = {isa = PBXFileReference; lastKnownFileType = sourcecode.swift; path = SpeakerViewModel.swift; sourceTree = "<group>"; };
		F41E18062939065700832F87 /* SpeakerModel.swift */ = {isa = PBXFileReference; lastKnownFileType = sourcecode.swift; path = SpeakerModel.swift; sourceTree = "<group>"; };
		F490E37A29399C2500D07792 /* SpeakerDataManager.swift */ = {isa = PBXFileReference; lastKnownFileType = sourcecode.swift; path = SpeakerDataManager.swift; sourceTree = "<group>"; };
/* End PBXFileReference section */

/* Begin PBXFrameworksBuildPhase section */
		F41E17E52939057400832F87 /* Frameworks */ = {
			isa = PBXFrameworksBuildPhase;
			buildActionMask = 2147483647;
			files = (
			);
			runOnlyForDeploymentPostprocessing = 0;
		};
/* End PBXFrameworksBuildPhase section */

/* Begin PBXGroup section */
		F41E17DF2939057400832F87 = {
			isa = PBXGroup;
			children = (
				F41E17EA2939057400832F87 /* Quotes */,
				F41E17E92939057400832F87 /* Products */,
			);
			sourceTree = "<group>";
		};
		F41E17E92939057400832F87 /* Products */ = {
			isa = PBXGroup;
			children = (
				F41E17E82939057400832F87 /* Quotes.app */,
			);
			name = Products;
			sourceTree = "<group>";
		};
		F41E17EA2939057400832F87 /* Quotes */ = {
			isa = PBXGroup;
			children = (
				F41E18052939063600832F87 /* App */,
				F490E37C29399C6500D07792 /* Speaker */,
				F490E37D29399C7000D07792 /* Quotes */,
				F490E37E29399C7A00D07792 /* Model */,
				F490E37F29399C8300D07792 /* View */,
				F41E17F42939057700832F87 /* Assets.xcassets */,
				F41E17F92939057700832F87 /* Info.plist */,
			);
			path = Quotes;
			sourceTree = "<group>";
		};
		F41E18052939063600832F87 /* App */ = {
			isa = PBXGroup;
			children = (
				F41E17EB2939057400832F87 /* AppDelegate.swift */,
				F41E17ED2939057400832F87 /* SceneDelegate.swift */,
			);
			path = App;
			sourceTree = "<group>";
		};
		F490E37C29399C6500D07792 /* Speaker */ = {
			isa = PBXGroup;
			children = (
				F41E17EF2939057400832F87 /* SpeakerViewController.swift */,
				F41E18032939062300832F87 /* SpeakerViewModel.swift */,
			);
			path = Speaker;
			sourceTree = "<group>";
		};
		F490E37D29399C7000D07792 /* Quotes */ = {
			isa = PBXGroup;
			children = (
				F41E17FF293905E500832F87 /* QuotesViewController.swift */,
				F41E18012939060300832F87 /* QuotesViewModel.swift */,
			);
			path = Quotes;
			sourceTree = "<group>";
		};
		F490E37E29399C7A00D07792 /* Model */ = {
			isa = PBXGroup;
			children = (
				F41E18062939065700832F87 /* SpeakerModel.swift */,
				F490E37A29399C2500D07792 /* SpeakerDataManager.swift */,
			);
			path = Model;
			sourceTree = "<group>";
		};
		F490E37F29399C8300D07792 /* View */ = {
			isa = PBXGroup;
			children = (
				F41E17F12939057400832F87 /* Main.storyboard */,
				F41E17F62939057700832F87 /* LaunchScreen.storyboard */,
			);
			path = View;
			sourceTree = "<group>";
		};
/* End PBXGroup section */

/* Begin PBXNativeTarget section */
		F41E17E72939057400832F87 /* Quotes */ = {
			isa = PBXNativeTarget;
			buildConfigurationList = F41E17FC2939057700832F87 /* Build configuration list for PBXNativeTarget "Quotes" */;
			buildPhases = (
				F41E17E42939057400832F87 /* Sources */,
				F41E17E52939057400832F87 /* Frameworks */,
				F41E17E62939057400832F87 /* Resources */,
			);
			buildRules = (
			);
			dependencies = (
			);
			name = Quotes;
			productName = Quotes;
			productReference = F41E17E82939057400832F87 /* Quotes.app */;
			productType = "com.apple.product-type.application";
		};
/* End PBXNativeTarget section */

/* Begin PBXProject section */
		F41E17E02939057400832F87 /* Project object */ = {
			isa = PBXProject;
			attributes = {
				BuildIndependentTargetsInParallel = 1;
				LastSwiftUpdateCheck = 1400;
				LastUpgradeCheck = 1400;
				TargetAttributes = {
					F41E17E72939057400832F87 = {
						CreatedOnToolsVersion = 14.0;
					};
				};
			};
			buildConfigurationList = F41E17E32939057400832F87 /* Build configuration list for PBXProject "Quotes" */;
			compatibilityVersion = "Xcode 14.0";
			developmentRegion = en;
			hasScannedForEncodings = 0;
			knownRegions = (
				en,
				Base,
			);
			mainGroup = F41E17DF2939057400832F87;
			productRefGroup = F41E17E92939057400832F87 /* Products */;
			projectDirPath = "";
			projectRoot = "";
			targets = (
				F41E17E72939057400832F87 /* Quotes */,
			);
		};
/* End PBXProject section */

/* Begin PBXResourcesBuildPhase section */
		F41E17E62939057400832F87 /* Resources */ = {
			isa = PBXResourcesBuildPhase;
			buildActionMask = 2147483647;
			files = (
				F41E17F82939057700832F87 /* LaunchScreen.storyboard in Resources */,
				F41E17F52939057700832F87 /* Assets.xcassets in Resources */,
				F41E17F32939057400832F87 /* Main.storyboard in Resources */,
			);
			runOnlyForDeploymentPostprocessing = 0;
		};
/* End PBXResourcesBuildPhase section */

/* Begin PBXSourcesBuildPhase section */
		F41E17E42939057400832F87 /* Sources */ = {
			isa = PBXSourcesBuildPhase;
			buildActionMask = 2147483647;
			files = (
				F41E17F02939057400832F87 /* SpeakerViewController.swift in Sources */,
				F41E1800293905E500832F87 /* QuotesViewController.swift in Sources */,
				F41E17EC2939057400832F87 /* AppDelegate.swift in Sources */,
				F490E37B29399C2600D07792 /* SpeakerDataManager.swift in Sources */,
				F41E18072939065700832F87 /* SpeakerModel.swift in Sources */,
				F41E18022939060300832F87 /* QuotesViewModel.swift in Sources */,
				F41E18042939062300832F87 /* SpeakerViewModel.swift in Sources */,
				F41E17EE2939057400832F87 /* SceneDelegate.swift in Sources */,
			);
			runOnlyForDeploymentPostprocessing = 0;
		};
/* End PBXSourcesBuildPhase section */

/* Begin PBXVariantGroup section */
		F41E17F12939057400832F87 /* Main.storyboard */ = {
			isa = PBXVariantGroup;
			children = (
				F41E17F22939057400832F87 /* Base */,
			);
			indentWidth = 20;
			name = Main.storyboard;
			sourceTree = "<group>";
			tabWidth = 20;
			usesTabs = 1;
			wrapsLines = 0;
		};
		F41E17F62939057700832F87 /* LaunchScreen.storyboard */ = {
			isa = PBXVariantGroup;
			children = (
				F41E17F72939057700832F87 /* Base */,
			);
			name = LaunchScreen.storyboard;
			sourceTree = "<group>";
		};
/* End PBXVariantGroup section */

/* Begin XCBuildConfiguration section */
		F41E17FA2939057700832F87 /* Debug */ = {
			isa = XCBuildConfiguration;
			buildSettings = {
				ALWAYS_SEARCH_USER_PATHS = NO;
				CLANG_ANALYZER_NONNULL = YES;
				CLANG_ANALYZER_NUMBER_OBJECT_CONVERSION = YES_AGGRESSIVE;
				CLANG_CXX_LANGUAGE_STANDARD = "gnu++20";
				CLANG_ENABLE_MODULES = YES;
				CLANG_ENABLE_OBJC_ARC = YES;
				CLANG_ENABLE_OBJC_WEAK = YES;
				CLANG_WARN_BLOCK_CAPTURE_AUTORELEASING = YES;
				CLANG_WARN_BOOL_CONVERSION = YES;
				CLANG_WARN_COMMA = YES;
				CLANG_WARN_CONSTANT_CONVERSION = YES;
				CLANG_WARN_DEPRECATED_OBJC_IMPLEMENTATIONS = YES;
				CLANG_WARN_DIRECT_OBJC_ISA_USAGE = YES_ERROR;
				CLANG_WARN_DOCUMENTATION_COMMENTS = YES;
				CLANG_WARN_EMPTY_BODY = YES;
				CLANG_WARN_ENUM_CONVERSION = YES;
				CLANG_WARN_INFINITE_RECURSION = YES;
				CLANG_WARN_INT_CONVERSION = YES;
				CLANG_WARN_NON_LITERAL_NULL_CONVERSION = YES;
				CLANG_WARN_OBJC_IMPLICIT_RETAIN_SELF = YES;
				CLANG_WARN_OBJC_LITERAL_CONVERSION = YES;
				CLANG_WARN_OBJC_ROOT_CLASS = YES_ERROR;
				CLANG_WARN_QUOTED_INCLUDE_IN_FRAMEWORK_HEADER = YES;
				CLANG_WARN_RANGE_LOOP_ANALYSIS = YES;
				CLANG_WARN_STRICT_PROTOTYPES = YES;
				CLANG_WARN_SUSPICIOUS_MOVE = YES;
				CLANG_WARN_UNGUARDED_AVAILABILITY = YES_AGGRESSIVE;
				CLANG_WARN_UNREACHABLE_CODE = YES;
				CLANG_WARN__DUPLICATE_METHOD_MATCH = YES;
				COPY_PHASE_STRIP = NO;
				DEBUG_INFORMATION_FORMAT = dwarf;
				ENABLE_STRICT_OBJC_MSGSEND = YES;
				ENABLE_TESTABILITY = YES;
				GCC_C_LANGUAGE_STANDARD = gnu11;
				GCC_DYNAMIC_NO_PIC = NO;
				GCC_NO_COMMON_BLOCKS = YES;
				GCC_OPTIMIZATION_LEVEL = 0;
				GCC_PREPROCESSOR_DEFINITIONS = (
					"DEBUG=1",
					"$(inherited)",
				);
				GCC_WARN_64_TO_32_BIT_CONVERSION = YES;
				GCC_WARN_ABOUT_RETURN_TYPE = YES_ERROR;
				GCC_WARN_UNDECLARED_SELECTOR = YES;
				GCC_WARN_UNINITIALIZED_AUTOS = YES_AGGRESSIVE;
				GCC_WARN_UNUSED_FUNCTION = YES;
				GCC_WARN_UNUSED_VARIABLE = YES;
				IPHONEOS_DEPLOYMENT_TARGET = 16.0;
				MTL_ENABLE_DEBUG_INFO = INCLUDE_SOURCE;
				MTL_FAST_MATH = YES;
				ONLY_ACTIVE_ARCH = YES;
				SDKROOT = iphoneos;
				SWIFT_ACTIVE_COMPILATION_CONDITIONS = DEBUG;
				SWIFT_OPTIMIZATION_LEVEL = "-Onone";
			};
			name = Debug;
		};
		F41E17FB2939057700832F87 /* Release */ = {
			isa = XCBuildConfiguration;
			buildSettings = {
				ALWAYS_SEARCH_USER_PATHS = NO;
				CLANG_ANALYZER_NONNULL = YES;
				CLANG_ANALYZER_NUMBER_OBJECT_CONVERSION = YES_AGGRESSIVE;
				CLANG_CXX_LANGUAGE_STANDARD = "gnu++20";
				CLANG_ENABLE_MODULES = YES;
				CLANG_ENABLE_OBJC_ARC = YES;
				CLANG_ENABLE_OBJC_WEAK = YES;
				CLANG_WARN_BLOCK_CAPTURE_AUTORELEASING = YES;
				CLANG_WARN_BOOL_CONVERSION = YES;
				CLANG_WARN_COMMA = YES;
				CLANG_WARN_CONSTANT_CONVERSION = YES;
				CLANG_WARN_DEPRECATED_OBJC_IMPLEMENTATIONS = YES;
				CLANG_WARN_DIRECT_OBJC_ISA_USAGE = YES_ERROR;
				CLANG_WARN_DOCUMENTATION_COMMENTS = YES;
				CLANG_WARN_EMPTY_BODY = YES;
				CLANG_WARN_ENUM_CONVERSION = YES;
				CLANG_WARN_INFINITE_RECURSION = YES;
				CLANG_WARN_INT_CONVERSION = YES;
				CLANG_WARN_NON_LITERAL_NULL_CONVERSION = YES;
				CLANG_WARN_OBJC_IMPLICIT_RETAIN_SELF = YES;
				CLANG_WARN_OBJC_LITERAL_CONVERSION = YES;
				CLANG_WARN_OBJC_ROOT_CLASS = YES_ERROR;
				CLANG_WARN_QUOTED_INCLUDE_IN_FRAMEWORK_HEADER = YES;
				CLANG_WARN_RANGE_LOOP_ANALYSIS = YES;
				CLANG_WARN_STRICT_PROTOTYPES = YES;
				CLANG_WARN_SUSPICIOUS_MOVE = YES;
				CLANG_WARN_UNGUARDED_AVAILABILITY = YES_AGGRESSIVE;
				CLANG_WARN_UNREACHABLE_CODE = YES;
				CLANG_WARN__DUPLICATE_METHOD_MATCH = YES;
				COPY_PHASE_STRIP = NO;
				DEBUG_INFORMATION_FORMAT = "dwarf-with-dsym";
				ENABLE_NS_ASSERTIONS = NO;
				ENABLE_STRICT_OBJC_MSGSEND = YES;
				GCC_C_LANGUAGE_STANDARD = gnu11;
				GCC_NO_COMMON_BLOCKS = YES;
				GCC_WARN_64_TO_32_BIT_CONVERSION = YES;
				GCC_WARN_ABOUT_RETURN_TYPE = YES_ERROR;
				GCC_WARN_UNDECLARED_SELECTOR = YES;
				GCC_WARN_UNINITIALIZED_AUTOS = YES_AGGRESSIVE;
				GCC_WARN_UNUSED_FUNCTION = YES;
				GCC_WARN_UNUSED_VARIABLE = YES;
				IPHONEOS_DEPLOYMENT_TARGET = 16.0;
				MTL_ENABLE_DEBUG_INFO = NO;
				MTL_FAST_MATH = YES;
				SDKROOT = iphoneos;
				SWIFT_COMPILATION_MODE = wholemodule;
				SWIFT_OPTIMIZATION_LEVEL = "-O";
				VALIDATE_PRODUCT = YES;
			};
			name = Release;
		};
		F41E17FD2939057700832F87 /* Debug */ = {
			isa = XCBuildConfiguration;
			buildSettings = {
				ASSETCATALOG_COMPILER_APPICON_NAME = AppIcon;
				ASSETCATALOG_COMPILER_GLOBAL_ACCENT_COLOR_NAME = AccentColor;
				CODE_SIGN_STYLE = Automatic;
				CURRENT_PROJECT_VERSION = 1;
				GENERATE_INFOPLIST_FILE = YES;
				INFOPLIST_FILE = Quotes/Info.plist;
				INFOPLIST_KEY_UIApplicationSupportsIndirectInputEvents = YES;
				INFOPLIST_KEY_UILaunchStoryboardName = LaunchScreen;
				INFOPLIST_KEY_UIMainStoryboardFile = Main;
				INFOPLIST_KEY_UISupportedInterfaceOrientations_iPad = "UIInterfaceOrientationPortrait UIInterfaceOrientationPortraitUpsideDown UIInterfaceOrientationLandscapeLeft UIInterfaceOrientationLandscapeRight";
				INFOPLIST_KEY_UISupportedInterfaceOrientations_iPhone = "UIInterfaceOrientationPortrait UIInterfaceOrientationLandscapeLeft UIInterfaceOrientationLandscapeRight";
				LD_RUNPATH_SEARCH_PATHS = (
					"$(inherited)",
					"@executable_path/Frameworks",
				);
				MARKETING_VERSION = 1.0;
				PRODUCT_BUNDLE_IDENTIFIER = com.rahul.test.Quotes;
				PRODUCT_NAME = "$(TARGET_NAME)";
				SWIFT_EMIT_LOC_STRINGS = YES;
				SWIFT_VERSION = 5.0;
				TARGETED_DEVICE_FAMILY = "1,2";
			};
			name = Debug;
		};
		F41E17FE2939057700832F87 /* Release */ = {
			isa = XCBuildConfiguration;
			buildSettings = {
				ASSETCATALOG_COMPILER_APPICON_NAME = AppIcon;
				ASSETCATALOG_COMPILER_GLOBAL_ACCENT_COLOR_NAME = AccentColor;
				CODE_SIGN_STYLE = Automatic;
				CURRENT_PROJECT_VERSION = 1;
				GENERATE_INFOPLIST_FILE = YES;
				INFOPLIST_FILE = Quotes/Info.plist;
				INFOPLIST_KEY_UIApplicationSupportsIndirectInputEvents = YES;
				INFOPLIST_KEY_UILaunchStoryboardName = LaunchScreen;
				INFOPLIST_KEY_UIMainStoryboardFile = Main;
				INFOPLIST_KEY_UISupportedInterfaceOrientations_iPad = "UIInterfaceOrientationPortrait UIInterfaceOrientationPortraitUpsideDown UIInterfaceOrientationLandscapeLeft UIInterfaceOrientationLandscapeRight";
				INFOPLIST_KEY_UISupportedInterfaceOrientations_iPhone = "UIInterfaceOrientationPortrait UIInterfaceOrientationLandscapeLeft UIInterfaceOrientationLandscapeRight";
				LD_RUNPATH_SEARCH_PATHS = (
					"$(inherited)",
					"@executable_path/Frameworks",
				);
				MARKETING_VERSION = 1.0;
				PRODUCT_BUNDLE_IDENTIFIER = com.rahul.test.Quotes;
				PRODUCT_NAME = "$(TARGET_NAME)";
				SWIFT_EMIT_LOC_STRINGS = YES;
				SWIFT_VERSION = 5.0;
				TARGETED_DEVICE_FAMILY = "1,2";
			};
			name = Release;
		};
/* End XCBuildConfiguration section */

/* Begin XCConfigurationList section */
		F41E17E32939057400832F87 /* Build configuration list for PBXProject "Quotes" */ = {
			isa = XCConfigurationList;
			buildConfigurations = (
				F41E17FA2939057700832F87 /* Debug */,
				F41E17FB2939057700832F87 /* Release */,
			);
			defaultConfigurationIsVisible = 0;
			defaultConfigurationName = Release;
		};
		F41E17FC2939057700832F87 /* Build configuration list for PBXNativeTarget "Quotes" */ = {
			isa = XCConfigurationList;
			buildConfigurations = (
				F41E17FD2939057700832F87 /* Debug */,
				F41E17FE2939057700832F87 /* Release */,
			);
			defaultConfigurationIsVisible = 0;
			defaultConfigurationName = Release;
		};
/* End XCConfigurationList section */
	};
	rootObject = F41E17E02939057400832F87 /* Project object */;
}
